
Microsoft Visual Studio Solution File, Format Version 12.00
# Visual Studio Version 17
VisualStudioVersion = 17.13.35931.197
MinimumVisualStudioVersion = 10.0.40219.1
Project("{2150E333-8FDC-42A3-9474-1A3956D46DE8}") = "src", "src", "{F6423F0D-DC94-421F-BBD3-93CF75465C80}"
EndProject
Project("{2150E333-8FDC-42A3-9474-1A3956D46DE8}") = "API", "API", "{862AB480-8FC9-49B0-8745-E77B55023B63}"
EndProject
Project("{2150E333-8FDC-42A3-9474-1A3956D46DE8}") = "Modules", "Modules", "{E02BAA5C-ECFF-43BF-AAC8-9CF985E13310}"
EndProject
Project("{2150E333-8FDC-42A3-9474-1A3956D46DE8}") = "Events", "Events", "{F283DBEE-17BA-4AC7-B725-A52C1F55B776}"
EndProject
Project("{FAE04EC0-301F-11D3-BF4B-00C04F79EFBC}") = "Eventix.Api", "src\API\Eventix.Api\Eventix.Api.csproj", "{E77E8225-3D9F-40F7-85D5-BA86EC3C2D2D}"
EndProject
Project("{E53339B2-1760-4266-BCC7-CA923CBCF16C}") = "docker-compose", "docker-compose.dcproj", "{81DDED9D-158B-E303-5F62-77A2896D2A5A}"
EndProject
Project("{2150E333-8FDC-42A3-9474-1A3956D46DE8}") = "Solution Items", "Solution Items", "{02EA681E-C7D8-13C7-8484-4AC65E1B71E8}"
EndProject
Project("{FAE04EC0-301F-11D3-BF4B-00C04F79EFBC}") = "Eventix.Modules.Events.Domain", "src\Modules\Events\Eventix.Modules.Events.Domain\Eventix.Modules.Events.Domain.csproj", "{1186FCF3-C65E-44E4-A8B8-12DA0047E1DA}"
EndProject
Project("{FAE04EC0-301F-11D3-BF4B-00C04F79EFBC}") = "Eventix.Modules.Events.Infrastructure", "src\Modules\Events\Eventix.Modules.Events.Infrastructure\Eventix.Modules.Events.Infrastructure.csproj", "{D87E5090-3B31-4ED9-BD79-4DA553A67F0C}"
EndProject
Project("{FAE04EC0-301F-11D3-BF4B-00C04F79EFBC}") = "Eventix.Modules.Events.Presentation", "src\Modules\Events\Eventix.Modules.Events.Presentation\Eventix.Modules.Events.Presentation.csproj", "{F4F18AC4-F2CD-43FD-B2F9-70C24B013BB0}"
EndProject
Project("{FAE04EC0-301F-11D3-BF4B-00C04F79EFBC}") = "Eventix.Modules.Events.Application", "src\Modules\Events\Eventix.Modules.Events.Application\Eventix.Modules.Events.Application.csproj", "{0EA86096-E10D-4249-A779-DD12689C2D45}"
EndProject
Project("{2150E333-8FDC-42A3-9474-1A3956D46DE8}") = "BuildingBlocks", "BuildingBlocks", "{FF71A834-E035-4649-9AD3-5891B0C64CF4}"
EndProject
Project("{FAE04EC0-301F-11D3-BF4B-00C04F79EFBC}") = "Eventix.Shared.Application", "src\BuildingBlocks\Eventix.Shared.Application\Eventix.Shared.Application.csproj", "{691CE269-C012-423A-B2E9-248FD04BA732}"
EndProject
Project("{FAE04EC0-301F-11D3-BF4B-00C04F79EFBC}") = "Eventix.Shared.Domain", "src\BuildingBlocks\Eventix.Shared.Domain\Eventix.Shared.Domain.csproj", "{B170E981-51B9-4869-91A2-CD7EE4914643}"
EndProject
Project("{FAE04EC0-301F-11D3-BF4B-00C04F79EFBC}") = "Eventix.Shared.Infrastructure", "src\BuildingBlocks\Eventix.Shared.Infrastructure\Eventix.Shared.Infrastructure.csproj", "{B4986668-78CB-4CAC-9C7B-E7AF15B2036F}"
EndProject
Project("{FAE04EC0-301F-11D3-BF4B-00C04F79EFBC}") = "Eventix.Shared.Presentation", "src\BuildingBlocks\Eventix.Shared.Presentation\Eventix.Shared.Presentation.csproj", "{AEFACC12-9DF2-4674-B878-AA7F97CA35D2}"
EndProject
Project("{2150E333-8FDC-42A3-9474-1A3956D46DE8}") = "Users", "Users", "{8A4BBE81-E466-45E7-8066-BD2CD8196B8D}"
EndProject
Project("{FAE04EC0-301F-11D3-BF4B-00C04F79EFBC}") = "Eventix.Modules.Users.Domain", "src\Modules\Users\Eventix.Modules.Users.Domain\Eventix.Modules.Users.Domain.csproj", "{BED4015B-5E1F-4C9D-A6AD-FB57D405D9D5}"
EndProject
Project("{FAE04EC0-301F-11D3-BF4B-00C04F79EFBC}") = "Eventix.Modules.Users.Infrastructure", "src\Modules\Users\Eventix.Modules.Users.Infrastructure\Eventix.Modules.Users.Infrastructure.csproj", "{522208F7-FDCA-4EBC-A16D-0F8D47EE5EA7}"
EndProject
Project("{FAE04EC0-301F-11D3-BF4B-00C04F79EFBC}") = "Eventix.Modules.Users.Application", "src\Modules\Users\Eventix.Modules.Users.Application\Eventix.Modules.Users.Application.csproj", "{F771224C-35A8-4F3C-844B-CD08E3CA9DF6}"
EndProject
Project("{FAE04EC0-301F-11D3-BF4B-00C04F79EFBC}") = "Eventix.Modules.Users.Presentation", "src\Modules\Users\Eventix.Modules.Users.Presentation\Eventix.Modules.Users.Presentation.csproj", "{AD082083-B181-4E6C-B14C-B183DC4DFB92}"
EndProject
Project("{2150E333-8FDC-42A3-9474-1A3956D46DE8}") = "Ticketing", "Ticketing", "{8E852857-DDCD-4E30-BEFB-E8A497B1337A}"
EndProject
Project("{FAE04EC0-301F-11D3-BF4B-00C04F79EFBC}") = "Eventix.Modules.Ticketing.Application", "src\Modules\Ticketing\Eventix.Modules.Ticketing.Application\Eventix.Modules.Ticketing.Application.csproj", "{DE5189DC-9FAE-4A5B-ABD3-13B040F43E3E}"
EndProject
Project("{FAE04EC0-301F-11D3-BF4B-00C04F79EFBC}") = "Eventix.Modules.Ticketing.Domain", "src\Modules\Ticketing\Eventix.Modules.Ticketing.Domain\Eventix.Modules.Ticketing.Domain.csproj", "{D594F03A-6BBA-4779-8C1B-36D5FBCA7116}"
EndProject
Project("{FAE04EC0-301F-11D3-BF4B-00C04F79EFBC}") = "Eventix.Modules.Ticketing.Infrastructure", "src\Modules\Ticketing\Eventix.Modules.Ticketing.Infrastructure\Eventix.Modules.Ticketing.Infrastructure.csproj", "{3D488ACB-8AF1-4B9F-9E48-161DACF02C9E}"
EndProject
Project("{FAE04EC0-301F-11D3-BF4B-00C04F79EFBC}") = "Eventix.Modules.Ticketing.Presentation", "src\Modules\Ticketing\Eventix.Modules.Ticketing.Presentation\Eventix.Modules.Ticketing.Presentation.csproj", "{025A1F68-0E32-487B-A03E-3E289CA066F6}"
EndProject
Project("{FAE04EC0-301F-11D3-BF4B-00C04F79EFBC}") = "Eventix.Modules.Users.IntegrationEvents", "src\Modules\Users\Eventix.Modules.Users.IntegrationEvents\Eventix.Modules.Users.IntegrationEvents.csproj", "{D68C6AB8-6F1F-4B8F-9F7B-5CFC820ABD55}"
EndProject
Project("{2150E333-8FDC-42A3-9474-1A3956D46DE8}") = "tests", "tests", "{CB4EB993-74E4-496B-9570-72FA9C7967A2}"
EndProject
Project("{FAE04EC0-301F-11D3-BF4B-00C04F79EFBC}") = "Eventix.Modules.Ticketing.IntegrationEvents", "src\Modules\Ticketing\Eventix.Modules.Ticketing.IntegrationEvents\Eventix.Modules.Ticketing.IntegrationEvents.csproj", "{719FAA08-D9D2-4207-97E4-F5E4F5B0B00B}"
EndProject
Project("{FAE04EC0-301F-11D3-BF4B-00C04F79EFBC}") = "Eventix.Modules.Events.IntegrationEvents", "src\Modules\Events\Eventix.Modules.Events.IntegrationEvents\Eventix.Modules.Events.IntegrationEvents.csproj", "{95A5E353-4170-4E13-AF00-2A0B103A08AF}"
EndProject
Project("{2150E333-8FDC-42A3-9474-1A3956D46DE8}") = "Attendance", "Attendance", "{18146A9B-5264-4D73-8308-B7712F5D3E8D}"
EndProject
Project("{FAE04EC0-301F-11D3-BF4B-00C04F79EFBC}") = "Eventix.Modules.Attendance.Application", "src\Modules\Attendance\Eventix.Modules.Attendance.Application\Eventix.Modules.Attendance.Application.csproj", "{9BFEDF98-BF1C-4A39-9444-5AF257C7AA7D}"
EndProject
Project("{FAE04EC0-301F-11D3-BF4B-00C04F79EFBC}") = "Eventix.Modules.Attendance.Infrastructure", "src\Modules\Attendance\Eventix.Modules.Attendance.Infrastructure\Eventix.Modules.Attendance.Infrastructure.csproj", "{A867E748-9B71-4ACD-9492-2DB00F6595E0}"
EndProject
Project("{FAE04EC0-301F-11D3-BF4B-00C04F79EFBC}") = "Eventix.Modules.Attendance.Domain", "src\Modules\Attendance\Eventix.Modules.Attendance.Domain\Eventix.Modules.Attendance.Domain.csproj", "{76F55912-11EF-43B7-80B5-5B939E3AD957}"
EndProject
Project("{FAE04EC0-301F-11D3-BF4B-00C04F79EFBC}") = "Eventix.Modules.Attendance.Presentation", "src\Modules\Attendance\Eventix.Modules.Attendance.Presentation\Eventix.Modules.Attendance.Presentation.csproj", "{48F4C01A-EC67-4F8A-83B4-27FE5AEBF03F}"
EndProject
Project("{FAE04EC0-301F-11D3-BF4B-00C04F79EFBC}") = "Eventix.Modules.Attendance.IntegrationEvents", "src\Modules\Attendance\Eventix.Modules.Attendance.IntegrationEvents\Eventix.Modules.Attendance.IntegrationEvents.csproj", "{8551ABD6-E6B4-4F66-924A-AAFA8CEEAA58}"
EndProject
Project("{FAE04EC0-301F-11D3-BF4B-00C04F79EFBC}") = "Eventix.Modules.Users.ArchitectureTests", "tests\Modules\Users\Eventix.Modules.Users.ArchitectureTests\Eventix.Modules.Users.ArchitectureTests.csproj", "{0ACDB939-7B44-4DA8-B29D-27981224F941}"
EndProject
Project("{2150E333-8FDC-42A3-9474-1A3956D46DE8}") = "Modules", "Modules", "{4C5EFD2B-88E6-4B2C-A6E8-253269D7FF1C}"
EndProject
Project("{2150E333-8FDC-42A3-9474-1A3956D46DE8}") = "Users", "Users", "{8ABA2B78-0225-4FF1-92BC-10CCF4CFE622}"
EndProject
Project("{FAE04EC0-301F-11D3-BF4B-00C04F79EFBC}") = "Eventix.Modules.ArchitectureTests", "tests\Modules\Eventix.Modules.ArchitectureTests\Eventix.Modules.ArchitectureTests.csproj", "{D5284092-CDC9-4E72-89C3-73328CCBA6A3}"
EndProject
Project("{2150E333-8FDC-42A3-9474-1A3956D46DE8}") = "Attendance", "Attendance", "{78A767BF-BE1B-4966-8DE8-B7DA5FFE4CC1}"
EndProject
Project("{2150E333-8FDC-42A3-9474-1A3956D46DE8}") = "Ticketing", "Ticketing", "{50926B92-BE81-4D9F-9EE3-8D9E5CB365A8}"
EndProject
Project("{2150E333-8FDC-42A3-9474-1A3956D46DE8}") = "Events", "Events", "{96F79087-9481-4C44-B7C1-25C3CF6D1732}"
EndProject
Project("{FAE04EC0-301F-11D3-BF4B-00C04F79EFBC}") = "Eventix.Modules.Ticketing.ArchitectureTests", "tests\Modules\Ticketing\Eventix.Modules.Ticketing.ArchitectureTests\Eventix.Modules.Ticketing.ArchitectureTests.csproj", "{C4ACBBE0-EB45-4C03-A303-46D5EBFE824E}"
EndProject
Project("{FAE04EC0-301F-11D3-BF4B-00C04F79EFBC}") = "Eventix.Modules.Events.ArchitectureTests", "tests\Modules\Events\Eventix.Modules.Events.ArchitectureTests\Eventix.Modules.Events.ArchitectureTests.csproj", "{66A76D3B-1C69-4781-BD52-ECFFA132A20C}"
EndProject
Project("{FAE04EC0-301F-11D3-BF4B-00C04F79EFBC}") = "Eventix.Modules.Attendance.ArchitectureTests", "tests\Modules\Attendance\Eventix.Modules.Attendance.ArchitectureTests\Eventix.Modules.Attendance.ArchitectureTests.csproj", "{89F9E6CB-E524-4759-9CD2-4EBBF3DA298C}"
EndProject
Project("{FAE04EC0-301F-11D3-BF4B-00C04F79EFBC}") = "Eventix.Modules.Users.UnitTests", "tests\Modules\Users\Eventix.Modules.Users.UnitTests\Eventix.Modules.Users.UnitTests.csproj", "{08069281-7456-48E9-8691-A90D6D7C1508}"
EndProject
Project("{FAE04EC0-301F-11D3-BF4B-00C04F79EFBC}") = "Eventix.Modules.Ticketing.UnitTests", "tests\Modules\Ticketing\Eventix.Modules.Ticketing.UnitTests\Eventix.Modules.Ticketing.UnitTests.csproj", "{DCBB8262-DCF8-4672-BAB1-1B4935A012B7}"
EndProject
Project("{FAE04EC0-301F-11D3-BF4B-00C04F79EFBC}") = "Eventix.Modules.Events.UnitTests", "tests\Modules\Events\Eventix.Modules.Events.UnitTests\Eventix.Modules.Events.UnitTests.csproj", "{78AE5124-1639-4976-A8D2-649CD8F5D494}"
EndProject
Project("{FAE04EC0-301F-11D3-BF4B-00C04F79EFBC}") = "Eventix.Modules.Attendance.UnitTests", "tests\Modules\Attendance\Eventix.Modules.Attendance.UnitTests\Eventix.Modules.Attendance.UnitTests.csproj", "{C71CEF88-3FFD-4ACA-8C55-7BE1E114009B}"
EndProject
Project("{FAE04EC0-301F-11D3-BF4B-00C04F79EFBC}") = "Eventix.Modules.Users.IntegrationTests", "tests\Modules\Users\Eventix.Modules.Users.IntegrationTests\Eventix.Modules.Users.IntegrationTests.csproj", "{F7FF93F2-EC36-7F45-ACEB-9972E586E7AA}"
EndProject
Project("{FAE04EC0-301F-11D3-BF4B-00C04F79EFBC}") = "Eventix.Modules.IntegrationTests", "tests\Modules\Eventix.Modules.IntegrationTests\Eventix.Modules.IntegrationTests.csproj", "{2496A1BF-8441-46F4-B3E9-C47C305E58E5}"
EndProject
Project("{FAE04EC0-301F-11D3-BF4B-00C04F79EFBC}") = "Eventix.Modules.Ticketing.IntegrationTests", "tests\Modules\Ticketing\Eventix.Modules.Ticketing.IntegrationTests\Eventix.Modules.Ticketing.IntegrationTests.csproj", "{DC6AA485-7703-4BF7-B715-7CB7E21784B1}"
EndProject
Project("{FAE04EC0-301F-11D3-BF4B-00C04F79EFBC}") = "Eventix.Modules.Events.IntegrationTests", "tests\Modules\Events\Eventix.Modules.Events.IntegrationTests\Eventix.Modules.Events.IntegrationTests.csproj", "{5B13268F-CC13-400C-986F-50B4083D6DD9}"
EndProject
Global
	GlobalSection(SolutionConfigurationPlatforms) = preSolution
		Debug|Any CPU = Debug|Any CPU
		Release|Any CPU = Release|Any CPU
	EndGlobalSection
	GlobalSection(ProjectConfigurationPlatforms) = postSolution
		{E77E8225-3D9F-40F7-85D5-BA86EC3C2D2D}.Debug|Any CPU.ActiveCfg = Debug|Any CPU
		{E77E8225-3D9F-40F7-85D5-BA86EC3C2D2D}.Debug|Any CPU.Build.0 = Debug|Any CPU
		{E77E8225-3D9F-40F7-85D5-BA86EC3C2D2D}.Release|Any CPU.ActiveCfg = Release|Any CPU
		{E77E8225-3D9F-40F7-85D5-BA86EC3C2D2D}.Release|Any CPU.Build.0 = Release|Any CPU
		{81DDED9D-158B-E303-5F62-77A2896D2A5A}.Debug|Any CPU.ActiveCfg = Debug|Any CPU
		{81DDED9D-158B-E303-5F62-77A2896D2A5A}.Debug|Any CPU.Build.0 = Debug|Any CPU
		{81DDED9D-158B-E303-5F62-77A2896D2A5A}.Release|Any CPU.ActiveCfg = Release|Any CPU
		{81DDED9D-158B-E303-5F62-77A2896D2A5A}.Release|Any CPU.Build.0 = Release|Any CPU
		{1186FCF3-C65E-44E4-A8B8-12DA0047E1DA}.Debug|Any CPU.ActiveCfg = Debug|Any CPU
		{1186FCF3-C65E-44E4-A8B8-12DA0047E1DA}.Debug|Any CPU.Build.0 = Debug|Any CPU
		{1186FCF3-C65E-44E4-A8B8-12DA0047E1DA}.Release|Any CPU.ActiveCfg = Release|Any CPU
		{1186FCF3-C65E-44E4-A8B8-12DA0047E1DA}.Release|Any CPU.Build.0 = Release|Any CPU
		{D87E5090-3B31-4ED9-BD79-4DA553A67F0C}.Debug|Any CPU.ActiveCfg = Debug|Any CPU
		{D87E5090-3B31-4ED9-BD79-4DA553A67F0C}.Debug|Any CPU.Build.0 = Debug|Any CPU
		{D87E5090-3B31-4ED9-BD79-4DA553A67F0C}.Release|Any CPU.ActiveCfg = Release|Any CPU
		{D87E5090-3B31-4ED9-BD79-4DA553A67F0C}.Release|Any CPU.Build.0 = Release|Any CPU
		{F4F18AC4-F2CD-43FD-B2F9-70C24B013BB0}.Debug|Any CPU.ActiveCfg = Debug|Any CPU
		{F4F18AC4-F2CD-43FD-B2F9-70C24B013BB0}.Debug|Any CPU.Build.0 = Debug|Any CPU
		{F4F18AC4-F2CD-43FD-B2F9-70C24B013BB0}.Release|Any CPU.ActiveCfg = Release|Any CPU
		{F4F18AC4-F2CD-43FD-B2F9-70C24B013BB0}.Release|Any CPU.Build.0 = Release|Any CPU
		{0EA86096-E10D-4249-A779-DD12689C2D45}.Debug|Any CPU.ActiveCfg = Debug|Any CPU
		{0EA86096-E10D-4249-A779-DD12689C2D45}.Debug|Any CPU.Build.0 = Debug|Any CPU
		{0EA86096-E10D-4249-A779-DD12689C2D45}.Release|Any CPU.ActiveCfg = Release|Any CPU
		{0EA86096-E10D-4249-A779-DD12689C2D45}.Release|Any CPU.Build.0 = Release|Any CPU
		{691CE269-C012-423A-B2E9-248FD04BA732}.Debug|Any CPU.ActiveCfg = Debug|Any CPU
		{691CE269-C012-423A-B2E9-248FD04BA732}.Debug|Any CPU.Build.0 = Debug|Any CPU
		{691CE269-C012-423A-B2E9-248FD04BA732}.Release|Any CPU.ActiveCfg = Release|Any CPU
		{691CE269-C012-423A-B2E9-248FD04BA732}.Release|Any CPU.Build.0 = Release|Any CPU
		{B170E981-51B9-4869-91A2-CD7EE4914643}.Debug|Any CPU.ActiveCfg = Debug|Any CPU
		{B170E981-51B9-4869-91A2-CD7EE4914643}.Debug|Any CPU.Build.0 = Debug|Any CPU
		{B170E981-51B9-4869-91A2-CD7EE4914643}.Release|Any CPU.ActiveCfg = Release|Any CPU
		{B170E981-51B9-4869-91A2-CD7EE4914643}.Release|Any CPU.Build.0 = Release|Any CPU
		{B4986668-78CB-4CAC-9C7B-E7AF15B2036F}.Debug|Any CPU.ActiveCfg = Debug|Any CPU
		{B4986668-78CB-4CAC-9C7B-E7AF15B2036F}.Debug|Any CPU.Build.0 = Debug|Any CPU
		{B4986668-78CB-4CAC-9C7B-E7AF15B2036F}.Release|Any CPU.ActiveCfg = Release|Any CPU
		{B4986668-78CB-4CAC-9C7B-E7AF15B2036F}.Release|Any CPU.Build.0 = Release|Any CPU
		{AEFACC12-9DF2-4674-B878-AA7F97CA35D2}.Debug|Any CPU.ActiveCfg = Debug|Any CPU
		{AEFACC12-9DF2-4674-B878-AA7F97CA35D2}.Debug|Any CPU.Build.0 = Debug|Any CPU
		{AEFACC12-9DF2-4674-B878-AA7F97CA35D2}.Release|Any CPU.ActiveCfg = Release|Any CPU
		{AEFACC12-9DF2-4674-B878-AA7F97CA35D2}.Release|Any CPU.Build.0 = Release|Any CPU
		{BED4015B-5E1F-4C9D-A6AD-FB57D405D9D5}.Debug|Any CPU.ActiveCfg = Debug|Any CPU
		{BED4015B-5E1F-4C9D-A6AD-FB57D405D9D5}.Debug|Any CPU.Build.0 = Debug|Any CPU
		{BED4015B-5E1F-4C9D-A6AD-FB57D405D9D5}.Release|Any CPU.ActiveCfg = Release|Any CPU
		{BED4015B-5E1F-4C9D-A6AD-FB57D405D9D5}.Release|Any CPU.Build.0 = Release|Any CPU
		{522208F7-FDCA-4EBC-A16D-0F8D47EE5EA7}.Debug|Any CPU.ActiveCfg = Debug|Any CPU
		{522208F7-FDCA-4EBC-A16D-0F8D47EE5EA7}.Debug|Any CPU.Build.0 = Debug|Any CPU
		{522208F7-FDCA-4EBC-A16D-0F8D47EE5EA7}.Release|Any CPU.ActiveCfg = Release|Any CPU
		{522208F7-FDCA-4EBC-A16D-0F8D47EE5EA7}.Release|Any CPU.Build.0 = Release|Any CPU
		{F771224C-35A8-4F3C-844B-CD08E3CA9DF6}.Debug|Any CPU.ActiveCfg = Debug|Any CPU
		{F771224C-35A8-4F3C-844B-CD08E3CA9DF6}.Debug|Any CPU.Build.0 = Debug|Any CPU
		{F771224C-35A8-4F3C-844B-CD08E3CA9DF6}.Release|Any CPU.ActiveCfg = Release|Any CPU
		{F771224C-35A8-4F3C-844B-CD08E3CA9DF6}.Release|Any CPU.Build.0 = Release|Any CPU
		{AD082083-B181-4E6C-B14C-B183DC4DFB92}.Debug|Any CPU.ActiveCfg = Debug|Any CPU
		{AD082083-B181-4E6C-B14C-B183DC4DFB92}.Debug|Any CPU.Build.0 = Debug|Any CPU
		{AD082083-B181-4E6C-B14C-B183DC4DFB92}.Release|Any CPU.ActiveCfg = Release|Any CPU
		{AD082083-B181-4E6C-B14C-B183DC4DFB92}.Release|Any CPU.Build.0 = Release|Any CPU
		{DE5189DC-9FAE-4A5B-ABD3-13B040F43E3E}.Debug|Any CPU.ActiveCfg = Debug|Any CPU
		{DE5189DC-9FAE-4A5B-ABD3-13B040F43E3E}.Debug|Any CPU.Build.0 = Debug|Any CPU
		{DE5189DC-9FAE-4A5B-ABD3-13B040F43E3E}.Release|Any CPU.ActiveCfg = Release|Any CPU
		{DE5189DC-9FAE-4A5B-ABD3-13B040F43E3E}.Release|Any CPU.Build.0 = Release|Any CPU
		{D594F03A-6BBA-4779-8C1B-36D5FBCA7116}.Debug|Any CPU.ActiveCfg = Debug|Any CPU
		{D594F03A-6BBA-4779-8C1B-36D5FBCA7116}.Debug|Any CPU.Build.0 = Debug|Any CPU
		{D594F03A-6BBA-4779-8C1B-36D5FBCA7116}.Release|Any CPU.ActiveCfg = Release|Any CPU
		{D594F03A-6BBA-4779-8C1B-36D5FBCA7116}.Release|Any CPU.Build.0 = Release|Any CPU
		{3D488ACB-8AF1-4B9F-9E48-161DACF02C9E}.Debug|Any CPU.ActiveCfg = Debug|Any CPU
		{3D488ACB-8AF1-4B9F-9E48-161DACF02C9E}.Debug|Any CPU.Build.0 = Debug|Any CPU
		{3D488ACB-8AF1-4B9F-9E48-161DACF02C9E}.Release|Any CPU.ActiveCfg = Release|Any CPU
		{3D488ACB-8AF1-4B9F-9E48-161DACF02C9E}.Release|Any CPU.Build.0 = Release|Any CPU
		{025A1F68-0E32-487B-A03E-3E289CA066F6}.Debug|Any CPU.ActiveCfg = Debug|Any CPU
		{025A1F68-0E32-487B-A03E-3E289CA066F6}.Debug|Any CPU.Build.0 = Debug|Any CPU
		{025A1F68-0E32-487B-A03E-3E289CA066F6}.Release|Any CPU.ActiveCfg = Release|Any CPU
		{025A1F68-0E32-487B-A03E-3E289CA066F6}.Release|Any CPU.Build.0 = Release|Any CPU
		{D68C6AB8-6F1F-4B8F-9F7B-5CFC820ABD55}.Debug|Any CPU.ActiveCfg = Debug|Any CPU
		{D68C6AB8-6F1F-4B8F-9F7B-5CFC820ABD55}.Debug|Any CPU.Build.0 = Debug|Any CPU
		{D68C6AB8-6F1F-4B8F-9F7B-5CFC820ABD55}.Release|Any CPU.ActiveCfg = Release|Any CPU
		{D68C6AB8-6F1F-4B8F-9F7B-5CFC820ABD55}.Release|Any CPU.Build.0 = Release|Any CPU
		{719FAA08-D9D2-4207-97E4-F5E4F5B0B00B}.Debug|Any CPU.ActiveCfg = Debug|Any CPU
		{719FAA08-D9D2-4207-97E4-F5E4F5B0B00B}.Debug|Any CPU.Build.0 = Debug|Any CPU
		{719FAA08-D9D2-4207-97E4-F5E4F5B0B00B}.Release|Any CPU.ActiveCfg = Release|Any CPU
		{719FAA08-D9D2-4207-97E4-F5E4F5B0B00B}.Release|Any CPU.Build.0 = Release|Any CPU
		{95A5E353-4170-4E13-AF00-2A0B103A08AF}.Debug|Any CPU.ActiveCfg = Debug|Any CPU
		{95A5E353-4170-4E13-AF00-2A0B103A08AF}.Debug|Any CPU.Build.0 = Debug|Any CPU
		{95A5E353-4170-4E13-AF00-2A0B103A08AF}.Release|Any CPU.ActiveCfg = Release|Any CPU
		{95A5E353-4170-4E13-AF00-2A0B103A08AF}.Release|Any CPU.Build.0 = Release|Any CPU
		{9BFEDF98-BF1C-4A39-9444-5AF257C7AA7D}.Debug|Any CPU.ActiveCfg = Debug|Any CPU
		{9BFEDF98-BF1C-4A39-9444-5AF257C7AA7D}.Debug|Any CPU.Build.0 = Debug|Any CPU
		{9BFEDF98-BF1C-4A39-9444-5AF257C7AA7D}.Release|Any CPU.ActiveCfg = Release|Any CPU
		{9BFEDF98-BF1C-4A39-9444-5AF257C7AA7D}.Release|Any CPU.Build.0 = Release|Any CPU
		{A867E748-9B71-4ACD-9492-2DB00F6595E0}.Debug|Any CPU.ActiveCfg = Debug|Any CPU
		{A867E748-9B71-4ACD-9492-2DB00F6595E0}.Debug|Any CPU.Build.0 = Debug|Any CPU
		{A867E748-9B71-4ACD-9492-2DB00F6595E0}.Release|Any CPU.ActiveCfg = Release|Any CPU
		{A867E748-9B71-4ACD-9492-2DB00F6595E0}.Release|Any CPU.Build.0 = Release|Any CPU
		{76F55912-11EF-43B7-80B5-5B939E3AD957}.Debug|Any CPU.ActiveCfg = Debug|Any CPU
		{76F55912-11EF-43B7-80B5-5B939E3AD957}.Debug|Any CPU.Build.0 = Debug|Any CPU
		{76F55912-11EF-43B7-80B5-5B939E3AD957}.Release|Any CPU.ActiveCfg = Release|Any CPU
		{76F55912-11EF-43B7-80B5-5B939E3AD957}.Release|Any CPU.Build.0 = Release|Any CPU
		{48F4C01A-EC67-4F8A-83B4-27FE5AEBF03F}.Debug|Any CPU.ActiveCfg = Debug|Any CPU
		{48F4C01A-EC67-4F8A-83B4-27FE5AEBF03F}.Debug|Any CPU.Build.0 = Debug|Any CPU
		{48F4C01A-EC67-4F8A-83B4-27FE5AEBF03F}.Release|Any CPU.ActiveCfg = Release|Any CPU
		{48F4C01A-EC67-4F8A-83B4-27FE5AEBF03F}.Release|Any CPU.Build.0 = Release|Any CPU
		{8551ABD6-E6B4-4F66-924A-AAFA8CEEAA58}.Debug|Any CPU.ActiveCfg = Debug|Any CPU
		{8551ABD6-E6B4-4F66-924A-AAFA8CEEAA58}.Debug|Any CPU.Build.0 = Debug|Any CPU
		{8551ABD6-E6B4-4F66-924A-AAFA8CEEAA58}.Release|Any CPU.ActiveCfg = Release|Any CPU
		{8551ABD6-E6B4-4F66-924A-AAFA8CEEAA58}.Release|Any CPU.Build.0 = Release|Any CPU
		{0ACDB939-7B44-4DA8-B29D-27981224F941}.Debug|Any CPU.ActiveCfg = Debug|Any CPU
		{0ACDB939-7B44-4DA8-B29D-27981224F941}.Debug|Any CPU.Build.0 = Debug|Any CPU
		{0ACDB939-7B44-4DA8-B29D-27981224F941}.Release|Any CPU.ActiveCfg = Release|Any CPU
		{0ACDB939-7B44-4DA8-B29D-27981224F941}.Release|Any CPU.Build.0 = Release|Any CPU
		{D5284092-CDC9-4E72-89C3-73328CCBA6A3}.Debug|Any CPU.ActiveCfg = Debug|Any CPU
		{D5284092-CDC9-4E72-89C3-73328CCBA6A3}.Debug|Any CPU.Build.0 = Debug|Any CPU
		{D5284092-CDC9-4E72-89C3-73328CCBA6A3}.Release|Any CPU.ActiveCfg = Release|Any CPU
		{D5284092-CDC9-4E72-89C3-73328CCBA6A3}.Release|Any CPU.Build.0 = Release|Any CPU
		{C4ACBBE0-EB45-4C03-A303-46D5EBFE824E}.Debug|Any CPU.ActiveCfg = Debug|Any CPU
		{C4ACBBE0-EB45-4C03-A303-46D5EBFE824E}.Debug|Any CPU.Build.0 = Debug|Any CPU
		{C4ACBBE0-EB45-4C03-A303-46D5EBFE824E}.Release|Any CPU.ActiveCfg = Release|Any CPU
		{C4ACBBE0-EB45-4C03-A303-46D5EBFE824E}.Release|Any CPU.Build.0 = Release|Any CPU
		{66A76D3B-1C69-4781-BD52-ECFFA132A20C}.Debug|Any CPU.ActiveCfg = Debug|Any CPU
		{66A76D3B-1C69-4781-BD52-ECFFA132A20C}.Debug|Any CPU.Build.0 = Debug|Any CPU
		{66A76D3B-1C69-4781-BD52-ECFFA132A20C}.Release|Any CPU.ActiveCfg = Release|Any CPU
		{66A76D3B-1C69-4781-BD52-ECFFA132A20C}.Release|Any CPU.Build.0 = Release|Any CPU
		{89F9E6CB-E524-4759-9CD2-4EBBF3DA298C}.Debug|Any CPU.ActiveCfg = Debug|Any CPU
		{89F9E6CB-E524-4759-9CD2-4EBBF3DA298C}.Debug|Any CPU.Build.0 = Debug|Any CPU
		{89F9E6CB-E524-4759-9CD2-4EBBF3DA298C}.Release|Any CPU.ActiveCfg = Release|Any CPU
		{89F9E6CB-E524-4759-9CD2-4EBBF3DA298C}.Release|Any CPU.Build.0 = Release|Any CPU
		{08069281-7456-48E9-8691-A90D6D7C1508}.Debug|Any CPU.ActiveCfg = Debug|Any CPU
		{08069281-7456-48E9-8691-A90D6D7C1508}.Debug|Any CPU.Build.0 = Debug|Any CPU
		{08069281-7456-48E9-8691-A90D6D7C1508}.Release|Any CPU.ActiveCfg = Release|Any CPU
		{08069281-7456-48E9-8691-A90D6D7C1508}.Release|Any CPU.Build.0 = Release|Any CPU
		{DCBB8262-DCF8-4672-BAB1-1B4935A012B7}.Debug|Any CPU.ActiveCfg = Debug|Any CPU
		{DCBB8262-DCF8-4672-BAB1-1B4935A012B7}.Debug|Any CPU.Build.0 = Debug|Any CPU
		{DCBB8262-DCF8-4672-BAB1-1B4935A012B7}.Release|Any CPU.ActiveCfg = Release|Any CPU
		{DCBB8262-DCF8-4672-BAB1-1B4935A012B7}.Release|Any CPU.Build.0 = Release|Any CPU
		{78AE5124-1639-4976-A8D2-649CD8F5D494}.Debug|Any CPU.ActiveCfg = Debug|Any CPU
		{78AE5124-1639-4976-A8D2-649CD8F5D494}.Debug|Any CPU.Build.0 = Debug|Any CPU
		{78AE5124-1639-4976-A8D2-649CD8F5D494}.Release|Any CPU.ActiveCfg = Release|Any CPU
		{78AE5124-1639-4976-A8D2-649CD8F5D494}.Release|Any CPU.Build.0 = Release|Any CPU
		{C71CEF88-3FFD-4ACA-8C55-7BE1E114009B}.Debug|Any CPU.ActiveCfg = Debug|Any CPU
		{C71CEF88-3FFD-4ACA-8C55-7BE1E114009B}.Debug|Any CPU.Build.0 = Debug|Any CPU
		{C71CEF88-3FFD-4ACA-8C55-7BE1E114009B}.Release|Any CPU.ActiveCfg = Release|Any CPU
		{C71CEF88-3FFD-4ACA-8C55-7BE1E114009B}.Release|Any CPU.Build.0 = Release|Any CPU
		{F7FF93F2-EC36-7F45-ACEB-9972E586E7AA}.Debug|Any CPU.ActiveCfg = Debug|Any CPU
		{F7FF93F2-EC36-7F45-ACEB-9972E586E7AA}.Debug|Any CPU.Build.0 = Debug|Any CPU
		{F7FF93F2-EC36-7F45-ACEB-9972E586E7AA}.Release|Any CPU.ActiveCfg = Release|Any CPU
		{F7FF93F2-EC36-7F45-ACEB-9972E586E7AA}.Release|Any CPU.Build.0 = Release|Any CPU
		{2496A1BF-8441-46F4-B3E9-C47C305E58E5}.Debug|Any CPU.ActiveCfg = Debug|Any CPU
		{2496A1BF-8441-46F4-B3E9-C47C305E58E5}.Debug|Any CPU.Build.0 = Debug|Any CPU
		{2496A1BF-8441-46F4-B3E9-C47C305E58E5}.Release|Any CPU.ActiveCfg = Release|Any CPU
		{2496A1BF-8441-46F4-B3E9-C47C305E58E5}.Release|Any CPU.Build.0 = Release|Any CPU
		{DC6AA485-7703-4BF7-B715-7CB7E21784B1}.Debug|Any CPU.ActiveCfg = Debug|Any CPU
		{DC6AA485-7703-4BF7-B715-7CB7E21784B1}.Debug|Any CPU.Build.0 = Debug|Any CPU
		{DC6AA485-7703-4BF7-B715-7CB7E21784B1}.Release|Any CPU.ActiveCfg = Release|Any CPU
		{DC6AA485-7703-4BF7-B715-7CB7E21784B1}.Release|Any CPU.Build.0 = Release|Any CPU
		{5B13268F-CC13-400C-986F-50B4083D6DD9}.Debug|Any CPU.ActiveCfg = Debug|Any CPU
		{5B13268F-CC13-400C-986F-50B4083D6DD9}.Debug|Any CPU.Build.0 = Debug|Any CPU
		{5B13268F-CC13-400C-986F-50B4083D6DD9}.Release|Any CPU.ActiveCfg = Release|Any CPU
		{5B13268F-CC13-400C-986F-50B4083D6DD9}.Release|Any CPU.Build.0 = Release|Any CPU
	EndGlobalSection
	GlobalSection(SolutionProperties) = preSolution
		HideSolutionNode = FALSE
	EndGlobalSection
	GlobalSection(NestedProjects) = preSolution
		{862AB480-8FC9-49B0-8745-E77B55023B63} = {F6423F0D-DC94-421F-BBD3-93CF75465C80}
		{E02BAA5C-ECFF-43BF-AAC8-9CF985E13310} = {F6423F0D-DC94-421F-BBD3-93CF75465C80}
		{F283DBEE-17BA-4AC7-B725-A52C1F55B776} = {E02BAA5C-ECFF-43BF-AAC8-9CF985E13310}
		{E77E8225-3D9F-40F7-85D5-BA86EC3C2D2D} = {862AB480-8FC9-49B0-8745-E77B55023B63}
		{81DDED9D-158B-E303-5F62-77A2896D2A5A} = {02EA681E-C7D8-13C7-8484-4AC65E1B71E8}
		{1186FCF3-C65E-44E4-A8B8-12DA0047E1DA} = {F283DBEE-17BA-4AC7-B725-A52C1F55B776}
		{D87E5090-3B31-4ED9-BD79-4DA553A67F0C} = {F283DBEE-17BA-4AC7-B725-A52C1F55B776}
		{F4F18AC4-F2CD-43FD-B2F9-70C24B013BB0} = {F283DBEE-17BA-4AC7-B725-A52C1F55B776}
		{0EA86096-E10D-4249-A779-DD12689C2D45} = {F283DBEE-17BA-4AC7-B725-A52C1F55B776}
		{FF71A834-E035-4649-9AD3-5891B0C64CF4} = {F6423F0D-DC94-421F-BBD3-93CF75465C80}
		{691CE269-C012-423A-B2E9-248FD04BA732} = {FF71A834-E035-4649-9AD3-5891B0C64CF4}
		{B170E981-51B9-4869-91A2-CD7EE4914643} = {FF71A834-E035-4649-9AD3-5891B0C64CF4}
		{B4986668-78CB-4CAC-9C7B-E7AF15B2036F} = {FF71A834-E035-4649-9AD3-5891B0C64CF4}
		{AEFACC12-9DF2-4674-B878-AA7F97CA35D2} = {FF71A834-E035-4649-9AD3-5891B0C64CF4}
		{8A4BBE81-E466-45E7-8066-BD2CD8196B8D} = {E02BAA5C-ECFF-43BF-AAC8-9CF985E13310}
		{BED4015B-5E1F-4C9D-A6AD-FB57D405D9D5} = {8A4BBE81-E466-45E7-8066-BD2CD8196B8D}
		{522208F7-FDCA-4EBC-A16D-0F8D47EE5EA7} = {8A4BBE81-E466-45E7-8066-BD2CD8196B8D}
		{F771224C-35A8-4F3C-844B-CD08E3CA9DF6} = {8A4BBE81-E466-45E7-8066-BD2CD8196B8D}
		{AD082083-B181-4E6C-B14C-B183DC4DFB92} = {8A4BBE81-E466-45E7-8066-BD2CD8196B8D}
		{8E852857-DDCD-4E30-BEFB-E8A497B1337A} = {E02BAA5C-ECFF-43BF-AAC8-9CF985E13310}
		{DE5189DC-9FAE-4A5B-ABD3-13B040F43E3E} = {8E852857-DDCD-4E30-BEFB-E8A497B1337A}
		{D594F03A-6BBA-4779-8C1B-36D5FBCA7116} = {8E852857-DDCD-4E30-BEFB-E8A497B1337A}
		{3D488ACB-8AF1-4B9F-9E48-161DACF02C9E} = {8E852857-DDCD-4E30-BEFB-E8A497B1337A}
		{025A1F68-0E32-487B-A03E-3E289CA066F6} = {8E852857-DDCD-4E30-BEFB-E8A497B1337A}
		{D68C6AB8-6F1F-4B8F-9F7B-5CFC820ABD55} = {8A4BBE81-E466-45E7-8066-BD2CD8196B8D}
		{719FAA08-D9D2-4207-97E4-F5E4F5B0B00B} = {8E852857-DDCD-4E30-BEFB-E8A497B1337A}
		{95A5E353-4170-4E13-AF00-2A0B103A08AF} = {F283DBEE-17BA-4AC7-B725-A52C1F55B776}
		{18146A9B-5264-4D73-8308-B7712F5D3E8D} = {E02BAA5C-ECFF-43BF-AAC8-9CF985E13310}
		{9BFEDF98-BF1C-4A39-9444-5AF257C7AA7D} = {18146A9B-5264-4D73-8308-B7712F5D3E8D}
		{A867E748-9B71-4ACD-9492-2DB00F6595E0} = {18146A9B-5264-4D73-8308-B7712F5D3E8D}
		{76F55912-11EF-43B7-80B5-5B939E3AD957} = {18146A9B-5264-4D73-8308-B7712F5D3E8D}
		{48F4C01A-EC67-4F8A-83B4-27FE5AEBF03F} = {18146A9B-5264-4D73-8308-B7712F5D3E8D}
		{8551ABD6-E6B4-4F66-924A-AAFA8CEEAA58} = {18146A9B-5264-4D73-8308-B7712F5D3E8D}
		{0ACDB939-7B44-4DA8-B29D-27981224F941} = {8ABA2B78-0225-4FF1-92BC-10CCF4CFE622}
		{4C5EFD2B-88E6-4B2C-A6E8-253269D7FF1C} = {CB4EB993-74E4-496B-9570-72FA9C7967A2}
		{8ABA2B78-0225-4FF1-92BC-10CCF4CFE622} = {4C5EFD2B-88E6-4B2C-A6E8-253269D7FF1C}
		{D5284092-CDC9-4E72-89C3-73328CCBA6A3} = {4C5EFD2B-88E6-4B2C-A6E8-253269D7FF1C}
		{78A767BF-BE1B-4966-8DE8-B7DA5FFE4CC1} = {4C5EFD2B-88E6-4B2C-A6E8-253269D7FF1C}
		{50926B92-BE81-4D9F-9EE3-8D9E5CB365A8} = {4C5EFD2B-88E6-4B2C-A6E8-253269D7FF1C}
		{96F79087-9481-4C44-B7C1-25C3CF6D1732} = {4C5EFD2B-88E6-4B2C-A6E8-253269D7FF1C}
		{C4ACBBE0-EB45-4C03-A303-46D5EBFE824E} = {50926B92-BE81-4D9F-9EE3-8D9E5CB365A8}
		{66A76D3B-1C69-4781-BD52-ECFFA132A20C} = {96F79087-9481-4C44-B7C1-25C3CF6D1732}
		{89F9E6CB-E524-4759-9CD2-4EBBF3DA298C} = {78A767BF-BE1B-4966-8DE8-B7DA5FFE4CC1}
		{08069281-7456-48E9-8691-A90D6D7C1508} = {8ABA2B78-0225-4FF1-92BC-10CCF4CFE622}
		{DCBB8262-DCF8-4672-BAB1-1B4935A012B7} = {50926B92-BE81-4D9F-9EE3-8D9E5CB365A8}
		{78AE5124-1639-4976-A8D2-649CD8F5D494} = {96F79087-9481-4C44-B7C1-25C3CF6D1732}
		{C71CEF88-3FFD-4ACA-8C55-7BE1E114009B} = {78A767BF-BE1B-4966-8DE8-B7DA5FFE4CC1}
		{F7FF93F2-EC36-7F45-ACEB-9972E586E7AA} = {8ABA2B78-0225-4FF1-92BC-10CCF4CFE622}
		{2496A1BF-8441-46F4-B3E9-C47C305E58E5} = {4C5EFD2B-88E6-4B2C-A6E8-253269D7FF1C}
		{DC6AA485-7703-4BF7-B715-7CB7E21784B1} = {50926B92-BE81-4D9F-9EE3-8D9E5CB365A8}
		{5B13268F-CC13-400C-986F-50B4083D6DD9} = {96F79087-9481-4C44-B7C1-25C3CF6D1732}
	EndGlobalSection
	GlobalSection(ExtensibilityGlobals) = postSolution
		SolutionGuid = {148A9F60-4D1F-455F-9A54-21778D353BE0}
	EndGlobalSection
EndGlobal
